{
    "requires": true,
    "lockfileVersion": 1,
    "dependencies": {
        "bodymovin": {
            "version": "4.13.0",
            "resolved": "https://registry.npmjs.org/bodymovin/-/bodymovin-4.13.0.tgz",
            "integrity": "sha1-Btl8ATDiM03MszvqY4E2+Ip0VAs="
        },
        "titanic-icons": {
            "version": "1.2.0",
            "resolved": "https://registry.npmjs.org/titanic-icons/-/titanic-icons-1.2.0.tgz",
            "integrity": "sha1-yQoGoIjjD9mA8XMTvJnAaBgI0h8=",
            "requires": {
                "bodymovin": "4.13.0"
            }
        }
    }
}
